
Microsoft Visual Studio Solution File, Format Version 12.00
# Visual Studio Version 17
VisualStudioVersion = 17.0.31903.59
MinimumVisualStudioVersion = 10.0.40219.1
Project("{FAE04EC0-301F-11D3-BF4B-00C04F79EFBC}") = "PacktLibraryNetStandard2", "PacktLibraryNetStandard2\PacktLibraryNetStandard2.csproj", "{4A7AB87F-16D8-4AB3-B1F7-9B8B02CA71CE}"
EndProject
Project("{FAE04EC0-301F-11D3-BF4B-00C04F79EFBC}") = "PeopleApp", "PeopleApp\PeopleApp.csproj", "{42AD8F91-0116-4BDE-9573-EE6F9D92889C}"
EndProject
Global
	GlobalSection(SolutionConfigurationPlatforms) = preSolution
		Debug|Any CPU = Debug|Any CPU
		Release|Any CPU = Release|Any CPU
	EndGlobalSection
	GlobalSection(SolutionProperties) = preSolution
		HideSolutionNode = FALSE
	EndGlobalSection
	GlobalSection(ProjectConfigurationPlatforms) = postSolution
		{4A7AB87F-16D8-4AB3-B1F7-9B8B02CA71CE}.Debug|Any CPU.ActiveCfg = Debug|Any CPU
		{4A7AB87F-16D8-4AB3-B1F7-9B8B02CA71CE}.Debug|Any CPU.Build.0 = Debug|Any CPU
		{4A7AB87F-16D8-4AB3-B1F7-9B8B02CA71CE}.Release|Any CPU.ActiveCfg = Release|Any CPU
		{4A7AB87F-16D8-4AB3-B1F7-9B8B02CA71CE}.Release|Any CPU.Build.0 = Release|Any CPU
		{42AD8F91-0116-4BDE-9573-EE6F9D92889C}.Debug|Any CPU.ActiveCfg = Debug|Any CPU
		{42AD8F91-0116-4BDE-9573-EE6F9D92889C}.Debug|Any CPU.Build.0 = Debug|Any CPU
		{42AD8F91-0116-4BDE-9573-EE6F9D92889C}.Release|Any CPU.ActiveCfg = Release|Any CPU
		{42AD8F91-0116-4BDE-9573-EE6F9D92889C}.Release|Any CPU.Build.0 = Release|Any CPU
	EndGlobalSection
EndGlobal
